
Microsoft Visual Studio Solution File, Format Version 12.00
# Visual Studio Version 17
VisualStudioVersion = 17.0.31912.275
MinimumVisualStudioVersion = 10.0.40219.1
Project("{9A19103F-16F7-4668-BE54-9A1E7A4F7556}") = "SharpPackageManager", "SharpPackageManager\SharpPackageManager.csproj", "{E04AA8E0-B3E6-44D3-8334-81844F17DCF5}"
EndProject
Global
	GlobalSection(SolutionConfigurationPlatforms) = preSolution
		Debug|Any CPU = Debug|Any CPU
		Debug|x64 = Debug|x64
		Release|Any CPU = Release|Any CPU
		Release|x64 = Release|x64
	EndGlobalSection
	GlobalSection(ProjectConfigurationPlatforms) = postSolution
		{E04AA8E0-B3E6-44D3-8334-81844F17DCF5}.Debug|Any CPU.ActiveCfg = Release|Any CPU
		{E04AA8E0-B3E6-44D3-8334-81844F17DCF5}.Debug|Any CPU.Build.0 = Release|Any CPU
		{E04AA8E0-B3E6-44D3-8334-81844F17DCF5}.Debug|x64.ActiveCfg = Debug|x64
		{E04AA8E0-B3E6-44D3-8334-81844F17DCF5}.Debug|x64.Build.0 = Debug|x64
		{E04AA8E0-B3E6-44D3-8334-81844F17DCF5}.Release|Any CPU.ActiveCfg = Release|Any CPU
		{E04AA8E0-B3E6-44D3-8334-81844F17DCF5}.Release|Any CPU.Build.0 = Release|Any CPU
		{E04AA8E0-B3E6-44D3-8334-81844F17DCF5}.Release|x64.ActiveCfg = Release|x64
		{E04AA8E0-B3E6-44D3-8334-81844F17DCF5}.Release|x64.Build.0 = Release|x64
	EndGlobalSection
	GlobalSection(SolutionProperties) = preSolution
		HideSolutionNode = FALSE
	EndGlobalSection
	GlobalSection(ExtensibilityGlobals) = postSolution
		SolutionGuid = {A21066B0-328F-40A3-897E-B240A3228E18}
	EndGlobalSection
EndGlobal
